
Microsoft Visual Studio Solution File, Format Version 12.00
# Visual Studio Version 17
VisualStudioVersion = 17.10.35013.160
MinimumVisualStudioVersion = 10.0.40219.1
Project("{FAE04EC0-301F-11D3-BF4B-00C04F79EFBC}") = "CURDProject1", "CURDProject1\CURDProject1.csproj", "{D5DBFA05-4DA7-4097-9E7C-09F5D7E65A8A}"
EndProject
Global
	GlobalSection(SolutionConfigurationPlatforms) = preSolution
		Debug|Any CPU = Debug|Any CPU
		Release|Any CPU = Release|Any CPU
	EndGlobalSection
	GlobalSection(ProjectConfigurationPlatforms) = postSolution
		{D5DBFA05-4DA7-4097-9E7C-09F5D7E65A8A}.Debug|Any CPU.ActiveCfg = Debug|Any CPU
		{D5DBFA05-4DA7-4097-9E7C-09F5D7E65A8A}.Debug|Any CPU.Build.0 = Debug|Any CPU
		{D5DBFA05-4DA7-4097-9E7C-09F5D7E65A8A}.Release|Any CPU.ActiveCfg = Release|Any CPU
		{D5DBFA05-4DA7-4097-9E7C-09F5D7E65A8A}.Release|Any CPU.Build.0 = Release|Any CPU
	EndGlobalSection
	GlobalSection(SolutionProperties) = preSolution
		HideSolutionNode = FALSE
	EndGlobalSection
	GlobalSection(ExtensibilityGlobals) = postSolution
		SolutionGuid = {59164C75-2157-46B9-9B15-E92C81D65705}
	EndGlobalSection
EndGlobal
